<?xml version="1.0" encoding="utf-8"?>
<Project ToolsVersion="4.0" xmlns="http://schemas.microsoft.com/developer/msbuild/2003">
  <ItemGroup>
    <Filter Include="源文件">
      <UniqueIdentifier>{4FC737F1-C7A5-4376-A066-2A32D752A2FF}</UniqueIdentifier>
      <Extensions>cpp;c;cc;cxx;c++;cppm;ixx;def;odl;idl;hpj;bat;asm;asmx</Extensions>
    </Filter>
    <Filter Include="头文件">
      <UniqueIdentifier>{93995380-89BD-4b04-88EB-625FBE52EBFB}</UniqueIdentifier>
      <Extensions>h;hh;hpp;hxx;h++;hm;inl;inc;ipp;xsd</Extensions>
    </Filter>
    <Filter Include="资源文件">
      <UniqueIdentifier>{67DA6AB6-F800-4c08-8B7A-83BB121AAD01}</UniqueIdentifier>
      <Extensions>rc;ico;cur;bmp;dlg;rc2;rct;bin;rgs;gif;jpg;jpeg;jpe;resx;tiff;tif;png;wav;mfcribbon-ms</Extensions>
    </Filter>
    <Filter Include="shader">
      <UniqueIdentifier>{232431d5-496d-40d2-b450-bb83f3937e38}</UniqueIdentifier>
    </Filter>
  </ItemGroup>
  <ItemGroup>
    <ClCompile Include="main.cpp">
      <Filter>源文件</Filter>
    </ClCompile>
    <ClCompile Include="glad.c">
      <Filter>源文件</Filter>
    </ClCompile>
    <ClCompile Include="mesh.h">
      <Filter>头文件</Filter>
    </ClCompile>
  </ItemGroup>
  <ItemGroup>
    <ClInclude Include="shader.h">
      <Filter>头文件</Filter>
    </ClInclude>
    <ClInclude Include="stb_image.h">
      <Filter>头文件</Filter>
    </ClInclude>
    <ClInclude Include="camera.h">
      <Filter>头文件</Filter>
    </ClInclude>
    <ClInclude Include="model.h">
      <Filter>头文件</Filter>
    </ClInclude>
  </ItemGroup>
  <ItemGroup>
    <None Include="5.1.framebuffers.vs">
      <Filter>shader</Filter>
    </None>
    <None Include="5.1.framebuffers.fs">
      <Filter>shader</Filter>
    </None>
    <None Include="5.1.framebuffers_screen.vs">
      <Filter>shader</Filter>
    </None>
    <None Include="5.1.framebuffers_screen.fs">
      <Filter>shader</Filter>
    </None>
    <None Include="skyBox.vert">
      <Filter>shader</Filter>
    </None>
    <None Include="skyBox.frag">
      <Filter>shader</Filter>
    </None>
    <None Include="reflect.frag">
      <Filter>shader</Filter>
    </None>
    <None Include="reflect.vert">
      <Filter>shader</Filter>
    </None>
    <None Include="refract.frag">
      <Filter>shader</Filter>
    </None>
    <None Include="model.frag">
      <Filter>shader</Filter>
    </None>
    <None Include="shader.vert">
      <Filter>shader</Filter>
    </None>
    <None Include="shader.frag">
      <Filter>shader</Filter>
    </None>
    <None Include="shader.glsl">
      <Filter>shader</Filter>
    </None>
  </ItemGroup>
  <ItemGroup>
    <Image Include="container.jpg">
      <Filter>资源文件</Filter>
    </Image>
    <Image Include="metal.png">
      <Filter>资源文件</Filter>
    </Image>
    <Image Include="skybox\top.jpg">
      <Filter>资源文件</Filter>
    </Image>
    <Image Include="skybox\back.jpg">
      <Filter>资源文件</Filter>
    </Image>
    <Image Include="skybox\bottom.jpg">
      <Filter>资源文件</Filter>
    </Image>
    <Image Include="skybox\front.jpg">
      <Filter>资源文件</Filter>
    </Image>
    <Image Include="skybox\left.jpg">
      <Filter>资源文件</Filter>
    </Image>
    <Image Include="skybox\right.jpg">
      <Filter>资源文件</Filter>
    </Image>
  </ItemGroup>
</Project>